
Microsoft Visual Studio Solution File, Format Version 12.00
# Visual Studio Version 17
VisualStudioVersion = 17.7.34031.279
MinimumVisualStudioVersion = 10.0.40219.1
Project("{FAE04EC0-301F-11D3-BF4B-00C04F79EFBC}") = "dmunnozEX3", "dmunnozEX3.csproj", "{B6D91126-775A-43CE-A2F2-859645716FBE}"
EndProject
Global
	GlobalSection(SolutionConfigurationPlatforms) = preSolution
		Debug|Any CPU = Debug|Any CPU
		Release|Any CPU = Release|Any CPU
	EndGlobalSection
	GlobalSection(ProjectConfigurationPlatforms) = postSolution
		{B6D91126-775A-43CE-A2F2-859645716FBE}.Debug|Any CPU.ActiveCfg = Debug|Any CPU
		{B6D91126-775A-43CE-A2F2-859645716FBE}.Debug|Any CPU.Build.0 = Debug|Any CPU
		{B6D91126-775A-43CE-A2F2-859645716FBE}.Release|Any CPU.ActiveCfg = Release|Any CPU
		{B6D91126-775A-43CE-A2F2-859645716FBE}.Release|Any CPU.Build.0 = Release|Any CPU
	EndGlobalSection
	GlobalSection(SolutionProperties) = preSolution
		HideSolutionNode = FALSE
	EndGlobalSection
	GlobalSection(ExtensibilityGlobals) = postSolution
		SolutionGuid = {DD8D9BED-E411-4DC9-A813-29A2D37A15E2}
	EndGlobalSection
EndGlobal
